
Microsoft Visual Studio Solution File, Format Version 12.00
# Visual Studio 15
Project("{FAE04EC0-301F-11D3-BF4B-00C04F79EFBC}") = "VRM10.Tests", "VRM10.Tests.csproj", "{D0AC8426-A6C6-C014-08BA-CA965B35A165}"
EndProject
Project("{FAE04EC0-301F-11D3-BF4B-00C04F79EFBC}") = "VRMShaders.VRM10.MToon10.Runtime", "VRMShaders.VRM10.MToon10.Runtime.csproj", "{AE5EBE4A-9381-849C-52A0-34E5F99B1A3F}"
EndProject
Project("{FAE04EC0-301F-11D3-BF4B-00C04F79EFBC}") = "UniHumanoid", "UniHumanoid.csproj", "{5224DC1F-DCF4-BB90-5234-54B486169B3C}"
EndProject
Project("{FAE04EC0-301F-11D3-BF4B-00C04F79EFBC}") = "VRMShaders.GLTF.IO.Runtime", "VRMShaders.GLTF.IO.Runtime.csproj", "{08395383-99F4-95F1-9AE5-CDAC57802C7A}"
EndProject
Project("{FAE04EC0-301F-11D3-BF4B-00C04F79EFBC}") = "VRM10.Editor", "VRM10.Editor.csproj", "{E6480BD1-9B79-E4AD-01CB-CDA65D849EA1}"
EndProject
Project("{FAE04EC0-301F-11D3-BF4B-00C04F79EFBC}") = "UniGLTF", "UniGLTF.csproj", "{F2440DBF-32F9-4310-85CA-0B09370F97F9}"
EndProject
Project("{FAE04EC0-301F-11D3-BF4B-00C04F79EFBC}") = "VRM10", "VRM10.csproj", "{54619250-86DB-99A8-F8B9-BE33957FF5EC}"
EndProject
Project("{FAE04EC0-301F-11D3-BF4B-00C04F79EFBC}") = "VRMShaders.GLTF.UniUnlit.Editor", "VRMShaders.GLTF.UniUnlit.Editor.csproj", "{2F1C591F-8500-B33F-A79B-DC2353979D3C}"
EndProject
Project("{FAE04EC0-301F-11D3-BF4B-00C04F79EFBC}") = "UniGLTF.Tests", "UniGLTF.Tests.csproj", "{12F6ADF9-54D8-5D55-5DEB-48899C67E701}"
EndProject
Project("{FAE04EC0-301F-11D3-BF4B-00C04F79EFBC}") = "UniGLTF.Editor", "UniGLTF.Editor.csproj", "{6A7C6EED-17D2-7A61-D75B-3C8C11EC6683}"
EndProject
Project("{FAE04EC0-301F-11D3-BF4B-00C04F79EFBC}") = "VRMShaders.GLTF.IO.Editor", "VRMShaders.GLTF.IO.Editor.csproj", "{AE652350-8378-0406-6949-B589C49E10AC}"
EndProject
Project("{FAE04EC0-301F-11D3-BF4B-00C04F79EFBC}") = "FastSpringBone10", "FastSpringBone10.csproj", "{24C93F1B-D040-ACEE-A8F4-87C19AB709BB}"
EndProject
Project("{FAE04EC0-301F-11D3-BF4B-00C04F79EFBC}") = "VRMShaders.GLTF.IO.Tests", "VRMShaders.GLTF.IO.Tests.csproj", "{4EDEDA11-E0B9-237A-304F-4A51EE1EF3FB}"
EndProject
Project("{FAE04EC0-301F-11D3-BF4B-00C04F79EFBC}") = "Assembly-CSharp", "Assembly-CSharp.csproj", "{7A8E2D87-BD4D-935C-C539-C3FF95D2C919}"
EndProject
Project("{FAE04EC0-301F-11D3-BF4B-00C04F79EFBC}") = "VrmLib", "VrmLib.csproj", "{B7C74ADD-4588-C9AE-3BAC-B10EA5E31B11}"
EndProject
Project("{FAE04EC0-301F-11D3-BF4B-00C04F79EFBC}") = "UniHumanoid.Editor", "UniHumanoid.Editor.csproj", "{4E4B533A-D82C-3E57-B26C-C01D0A950620}"
EndProject
Project("{FAE04EC0-301F-11D3-BF4B-00C04F79EFBC}") = "MToon", "MToon.csproj", "{CA4E4F73-FD6F-A439-715D-54A79F7881E6}"
EndProject
Project("{FAE04EC0-301F-11D3-BF4B-00C04F79EFBC}") = "VrmLibTests", "VrmLibTests.csproj", "{4ECFA95F-7D49-0965-9969-ADD6632851A5}"
EndProject
Project("{FAE04EC0-301F-11D3-BF4B-00C04F79EFBC}") = "MToon.Editor", "MToon.Editor.csproj", "{DAEA7E32-D2C2-67DE-623B-8AE6C0F58917}"
EndProject
Project("{FAE04EC0-301F-11D3-BF4B-00C04F79EFBC}") = "VRMShaders.VRM10.MToon10.Editor", "VRMShaders.VRM10.MToon10.Editor.csproj", "{6640B84D-50C9-F8F5-AB3D-C93B9A81E0E5}"
EndProject
Project("{FAE04EC0-301F-11D3-BF4B-00C04F79EFBC}") = "UniHumanoid.Editor.Tests", "UniHumanoid.Editor.Tests.csproj", "{45697950-C3E3-F6D9-C21D-E7BE509FF307}"
EndProject
Project("{FAE04EC0-301F-11D3-BF4B-00C04F79EFBC}") = "UniGLTF.Utils", "UniGLTF.Utils.csproj", "{97919395-0AE1-479C-5A3C-E221F25CA804}"
EndProject
Project("{FAE04EC0-301F-11D3-BF4B-00C04F79EFBC}") = "VRMShaders.VRM.IO.Runtime", "VRMShaders.VRM.IO.Runtime.csproj", "{1B412CF8-99E9-A2A4-9A34-2489B0A1C71C}"
EndProject
Project("{FAE04EC0-301F-11D3-BF4B-00C04F79EFBC}") = "VRMShaders.VRM10.Format.Runtime", "VRMShaders.VRM10.Format.Runtime.csproj", "{98CC3B9E-1823-952F-1C6C-DBBB83B6B8DC}"
EndProject
Project("{FAE04EC0-301F-11D3-BF4B-00C04F79EFBC}") = "VRMShaders.VRM10.MToon10.Tests", "VRMShaders.VRM10.MToon10.Tests.csproj", "{1ACEFFC1-F412-06A9-66D3-AE1EA03A0FF8}"
EndProject
Project("{FAE04EC0-301F-11D3-BF4B-00C04F79EFBC}") = "VRMShaders.GLTF.UniUnlit.Runtime", "VRMShaders.GLTF.UniUnlit.Runtime.csproj", "{3BAC18AA-BDE5-FC5E-A390-12E2C743DAD0}"
EndProject
Project("{FAE04EC0-301F-11D3-BF4B-00C04F79EFBC}") = "VRMShaders.VRM10.MToon10.Runtime", "VRMShaders.VRM10.MToon10.Runtime.Player.csproj", "{53AF8401-4980-0617-9D62-5BC5EA6363D8}"
EndProject
Project("{FAE04EC0-301F-11D3-BF4B-00C04F79EFBC}") = "UniHumanoid", "UniHumanoid.Player.csproj", "{1C17F81D-8ACF-4D7E-2BD5-4A17B236CA75}"
EndProject
Project("{FAE04EC0-301F-11D3-BF4B-00C04F79EFBC}") = "VRMShaders.GLTF.IO.Runtime", "VRMShaders.GLTF.IO.Runtime.Player.csproj", "{55850C7B-A8FA-CCF6-887B-898279C440DA}"
EndProject
Project("{FAE04EC0-301F-11D3-BF4B-00C04F79EFBC}") = "UniGLTF", "UniGLTF.Player.csproj", "{6BC852F3-CBE1-4995-8E8B-9DB7AEBBA7BC}"
EndProject
Project("{FAE04EC0-301F-11D3-BF4B-00C04F79EFBC}") = "VRM10", "VRM10.Player.csproj", "{CFCB5E8E-0D85-7DE7-BB40-B36DCDF6A182}"
EndProject
Project("{FAE04EC0-301F-11D3-BF4B-00C04F79EFBC}") = "FastSpringBone10", "FastSpringBone10.Player.csproj", "{18B0802F-0A99-CAB2-2702-8A6736637618}"
EndProject
Project("{FAE04EC0-301F-11D3-BF4B-00C04F79EFBC}") = "Assembly-CSharp", "Assembly-CSharp.Player.csproj", "{44C6AC6B-C284-594B-0407-9FEF429FDD2D}"
EndProject
Project("{FAE04EC0-301F-11D3-BF4B-00C04F79EFBC}") = "VrmLib", "VrmLib.Player.csproj", "{FC1C46E7-F353-6FBB-0D2B-90F120BBC9F0}"
EndProject
Project("{FAE04EC0-301F-11D3-BF4B-00C04F79EFBC}") = "MToon", "MToon.Player.csproj", "{84B992C8-6F44-0451-375F-1FF2BD61C06C}"
EndProject
Project("{FAE04EC0-301F-11D3-BF4B-00C04F79EFBC}") = "UniGLTF.Utils", "UniGLTF.Utils.Player.csproj", "{DA06BB36-5D75-0062-B353-540DC8AE3EFD}"
EndProject
Project("{FAE04EC0-301F-11D3-BF4B-00C04F79EFBC}") = "VRMShaders.VRM.IO.Runtime", "VRMShaders.VRM.IO.Runtime.Player.csproj", "{6C7B3CFB-967F-8FE4-862D-567206FFC126}"
EndProject
Project("{FAE04EC0-301F-11D3-BF4B-00C04F79EFBC}") = "VRMShaders.VRM10.Format.Runtime", "VRMShaders.VRM10.Format.Runtime.Player.csproj", "{244ACECE-BD49-1F06-19C1-2429497922C7}"
EndProject
Project("{FAE04EC0-301F-11D3-BF4B-00C04F79EFBC}") = "VRMShaders.GLTF.UniUnlit.Runtime", "VRMShaders.GLTF.UniUnlit.Runtime.Player.csproj", "{2946E2BC-0BA5-5396-323E-A493670E5315}"
EndProject
Global
	GlobalSection(SolutionConfigurationPlatforms) = preSolution
		Debug|Any CPU = Debug|Any CPU
		Release|Any CPU = Release|Any CPU
	EndGlobalSection
	GlobalSection(ProjectConfigurationPlatforms) = postSolution
		{D0AC8426-A6C6-C014-08BA-CA965B35A165}.Debug|Any CPU.ActiveCfg = Debug|Any CPU
		{D0AC8426-A6C6-C014-08BA-CA965B35A165}.Debug|Any CPU.Build.0 = Debug|Any CPU
		{D0AC8426-A6C6-C014-08BA-CA965B35A165}.Release|Any CPU.ActiveCfg = Release|Any CPU
		{D0AC8426-A6C6-C014-08BA-CA965B35A165}.Release|Any CPU.Build.0 = Release|Any CPU
		{AE5EBE4A-9381-849C-52A0-34E5F99B1A3F}.Debug|Any CPU.ActiveCfg = Debug|Any CPU
		{AE5EBE4A-9381-849C-52A0-34E5F99B1A3F}.Debug|Any CPU.Build.0 = Debug|Any CPU
		{AE5EBE4A-9381-849C-52A0-34E5F99B1A3F}.Release|Any CPU.ActiveCfg = Release|Any CPU
		{AE5EBE4A-9381-849C-52A0-34E5F99B1A3F}.Release|Any CPU.Build.0 = Release|Any CPU
		{5224DC1F-DCF4-BB90-5234-54B486169B3C}.Debug|Any CPU.ActiveCfg = Debug|Any CPU
		{5224DC1F-DCF4-BB90-5234-54B486169B3C}.Debug|Any CPU.Build.0 = Debug|Any CPU
		{5224DC1F-DCF4-BB90-5234-54B486169B3C}.Release|Any CPU.ActiveCfg = Release|Any CPU
		{5224DC1F-DCF4-BB90-5234-54B486169B3C}.Release|Any CPU.Build.0 = Release|Any CPU
		{08395383-99F4-95F1-9AE5-CDAC57802C7A}.Debug|Any CPU.ActiveCfg = Debug|Any CPU
		{08395383-99F4-95F1-9AE5-CDAC57802C7A}.Debug|Any CPU.Build.0 = Debug|Any CPU
		{08395383-99F4-95F1-9AE5-CDAC57802C7A}.Release|Any CPU.ActiveCfg = Release|Any CPU
		{08395383-99F4-95F1-9AE5-CDAC57802C7A}.Release|Any CPU.Build.0 = Release|Any CPU
		{E6480BD1-9B79-E4AD-01CB-CDA65D849EA1}.Debug|Any CPU.ActiveCfg = Debug|Any CPU
		{E6480BD1-9B79-E4AD-01CB-CDA65D849EA1}.Debug|Any CPU.Build.0 = Debug|Any CPU
		{E6480BD1-9B79-E4AD-01CB-CDA65D849EA1}.Release|Any CPU.ActiveCfg = Release|Any CPU
		{E6480BD1-9B79-E4AD-01CB-CDA65D849EA1}.Release|Any CPU.Build.0 = Release|Any CPU
		{F2440DBF-32F9-4310-85CA-0B09370F97F9}.Debug|Any CPU.ActiveCfg = Debug|Any CPU
		{F2440DBF-32F9-4310-85CA-0B09370F97F9}.Debug|Any CPU.Build.0 = Debug|Any CPU
		{F2440DBF-32F9-4310-85CA-0B09370F97F9}.Release|Any CPU.ActiveCfg = Release|Any CPU
		{F2440DBF-32F9-4310-85CA-0B09370F97F9}.Release|Any CPU.Build.0 = Release|Any CPU
		{54619250-86DB-99A8-F8B9-BE33957FF5EC}.Debug|Any CPU.ActiveCfg = Debug|Any CPU
		{54619250-86DB-99A8-F8B9-BE33957FF5EC}.Debug|Any CPU.Build.0 = Debug|Any CPU
		{54619250-86DB-99A8-F8B9-BE33957FF5EC}.Release|Any CPU.ActiveCfg = Release|Any CPU
		{54619250-86DB-99A8-F8B9-BE33957FF5EC}.Release|Any CPU.Build.0 = Release|Any CPU
		{2F1C591F-8500-B33F-A79B-DC2353979D3C}.Debug|Any CPU.ActiveCfg = Debug|Any CPU
		{2F1C591F-8500-B33F-A79B-DC2353979D3C}.Debug|Any CPU.Build.0 = Debug|Any CPU
		{2F1C591F-8500-B33F-A79B-DC2353979D3C}.Release|Any CPU.ActiveCfg = Release|Any CPU
		{2F1C591F-8500-B33F-A79B-DC2353979D3C}.Release|Any CPU.Build.0 = Release|Any CPU
		{12F6ADF9-54D8-5D55-5DEB-48899C67E701}.Debug|Any CPU.ActiveCfg = Debug|Any CPU
		{12F6ADF9-54D8-5D55-5DEB-48899C67E701}.Debug|Any CPU.Build.0 = Debug|Any CPU
		{12F6ADF9-54D8-5D55-5DEB-48899C67E701}.Release|Any CPU.ActiveCfg = Release|Any CPU
		{12F6ADF9-54D8-5D55-5DEB-48899C67E701}.Release|Any CPU.Build.0 = Release|Any CPU
		{6A7C6EED-17D2-7A61-D75B-3C8C11EC6683}.Debug|Any CPU.ActiveCfg = Debug|Any CPU
		{6A7C6EED-17D2-7A61-D75B-3C8C11EC6683}.Debug|Any CPU.Build.0 = Debug|Any CPU
		{6A7C6EED-17D2-7A61-D75B-3C8C11EC6683}.Release|Any CPU.ActiveCfg = Release|Any CPU
		{6A7C6EED-17D2-7A61-D75B-3C8C11EC6683}.Release|Any CPU.Build.0 = Release|Any CPU
		{AE652350-8378-0406-6949-B589C49E10AC}.Debug|Any CPU.ActiveCfg = Debug|Any CPU
		{AE652350-8378-0406-6949-B589C49E10AC}.Debug|Any CPU.Build.0 = Debug|Any CPU
		{AE652350-8378-0406-6949-B589C49E10AC}.Release|Any CPU.ActiveCfg = Release|Any CPU
		{AE652350-8378-0406-6949-B589C49E10AC}.Release|Any CPU.Build.0 = Release|Any CPU
		{24C93F1B-D040-ACEE-A8F4-87C19AB709BB}.Debug|Any CPU.ActiveCfg = Debug|Any CPU
		{24C93F1B-D040-ACEE-A8F4-87C19AB709BB}.Debug|Any CPU.Build.0 = Debug|Any CPU
		{24C93F1B-D040-ACEE-A8F4-87C19AB709BB}.Release|Any CPU.ActiveCfg = Release|Any CPU
		{24C93F1B-D040-ACEE-A8F4-87C19AB709BB}.Release|Any CPU.Build.0 = Release|Any CPU
		{4EDEDA11-E0B9-237A-304F-4A51EE1EF3FB}.Debug|Any CPU.ActiveCfg = Debug|Any CPU
		{4EDEDA11-E0B9-237A-304F-4A51EE1EF3FB}.Debug|Any CPU.Build.0 = Debug|Any CPU
		{4EDEDA11-E0B9-237A-304F-4A51EE1EF3FB}.Release|Any CPU.ActiveCfg = Release|Any CPU
		{4EDEDA11-E0B9-237A-304F-4A51EE1EF3FB}.Release|Any CPU.Build.0 = Release|Any CPU
		{7A8E2D87-BD4D-935C-C539-C3FF95D2C919}.Debug|Any CPU.ActiveCfg = Debug|Any CPU
		{7A8E2D87-BD4D-935C-C539-C3FF95D2C919}.Debug|Any CPU.Build.0 = Debug|Any CPU
		{7A8E2D87-BD4D-935C-C539-C3FF95D2C919}.Release|Any CPU.ActiveCfg = Release|Any CPU
		{7A8E2D87-BD4D-935C-C539-C3FF95D2C919}.Release|Any CPU.Build.0 = Release|Any CPU
		{B7C74ADD-4588-C9AE-3BAC-B10EA5E31B11}.Debug|Any CPU.ActiveCfg = Debug|Any CPU
		{B7C74ADD-4588-C9AE-3BAC-B10EA5E31B11}.Debug|Any CPU.Build.0 = Debug|Any CPU
		{B7C74ADD-4588-C9AE-3BAC-B10EA5E31B11}.Release|Any CPU.ActiveCfg = Release|Any CPU
		{B7C74ADD-4588-C9AE-3BAC-B10EA5E31B11}.Release|Any CPU.Build.0 = Release|Any CPU
		{4E4B533A-D82C-3E57-B26C-C01D0A950620}.Debug|Any CPU.ActiveCfg = Debug|Any CPU
		{4E4B533A-D82C-3E57-B26C-C01D0A950620}.Debug|Any CPU.Build.0 = Debug|Any CPU
		{4E4B533A-D82C-3E57-B26C-C01D0A950620}.Release|Any CPU.ActiveCfg = Release|Any CPU
		{4E4B533A-D82C-3E57-B26C-C01D0A950620}.Release|Any CPU.Build.0 = Release|Any CPU
		{CA4E4F73-FD6F-A439-715D-54A79F7881E6}.Debug|Any CPU.ActiveCfg = Debug|Any CPU
		{CA4E4F73-FD6F-A439-715D-54A79F7881E6}.Debug|Any CPU.Build.0 = Debug|Any CPU
		{CA4E4F73-FD6F-A439-715D-54A79F7881E6}.Release|Any CPU.ActiveCfg = Release|Any CPU
		{CA4E4F73-FD6F-A439-715D-54A79F7881E6}.Release|Any CPU.Build.0 = Release|Any CPU
		{4ECFA95F-7D49-0965-9969-ADD6632851A5}.Debug|Any CPU.ActiveCfg = Debug|Any CPU
		{4ECFA95F-7D49-0965-9969-ADD6632851A5}.Debug|Any CPU.Build.0 = Debug|Any CPU
		{4ECFA95F-7D49-0965-9969-ADD6632851A5}.Release|Any CPU.ActiveCfg = Release|Any CPU
		{4ECFA95F-7D49-0965-9969-ADD6632851A5}.Release|Any CPU.Build.0 = Release|Any CPU
		{DAEA7E32-D2C2-67DE-623B-8AE6C0F58917}.Debug|Any CPU.ActiveCfg = Debug|Any CPU
		{DAEA7E32-D2C2-67DE-623B-8AE6C0F58917}.Debug|Any CPU.Build.0 = Debug|Any CPU
		{DAEA7E32-D2C2-67DE-623B-8AE6C0F58917}.Release|Any CPU.ActiveCfg = Release|Any CPU
		{DAEA7E32-D2C2-67DE-623B-8AE6C0F58917}.Release|Any CPU.Build.0 = Release|Any CPU
		{6640B84D-50C9-F8F5-AB3D-C93B9A81E0E5}.Debug|Any CPU.ActiveCfg = Debug|Any CPU
		{6640B84D-50C9-F8F5-AB3D-C93B9A81E0E5}.Debug|Any CPU.Build.0 = Debug|Any CPU
		{6640B84D-50C9-F8F5-AB3D-C93B9A81E0E5}.Release|Any CPU.ActiveCfg = Release|Any CPU
		{6640B84D-50C9-F8F5-AB3D-C93B9A81E0E5}.Release|Any CPU.Build.0 = Release|Any CPU
		{45697950-C3E3-F6D9-C21D-E7BE509FF307}.Debug|Any CPU.ActiveCfg = Debug|Any CPU
		{45697950-C3E3-F6D9-C21D-E7BE509FF307}.Debug|Any CPU.Build.0 = Debug|Any CPU
		{45697950-C3E3-F6D9-C21D-E7BE509FF307}.Release|Any CPU.ActiveCfg = Release|Any CPU
		{45697950-C3E3-F6D9-C21D-E7BE509FF307}.Release|Any CPU.Build.0 = Release|Any CPU
		{97919395-0AE1-479C-5A3C-E221F25CA804}.Debug|Any CPU.ActiveCfg = Debug|Any CPU
		{97919395-0AE1-479C-5A3C-E221F25CA804}.Debug|Any CPU.Build.0 = Debug|Any CPU
		{97919395-0AE1-479C-5A3C-E221F25CA804}.Release|Any CPU.ActiveCfg = Release|Any CPU
		{97919395-0AE1-479C-5A3C-E221F25CA804}.Release|Any CPU.Build.0 = Release|Any CPU
		{1B412CF8-99E9-A2A4-9A34-2489B0A1C71C}.Debug|Any CPU.ActiveCfg = Debug|Any CPU
		{1B412CF8-99E9-A2A4-9A34-2489B0A1C71C}.Debug|Any CPU.Build.0 = Debug|Any CPU
		{1B412CF8-99E9-A2A4-9A34-2489B0A1C71C}.Release|Any CPU.ActiveCfg = Release|Any CPU
		{1B412CF8-99E9-A2A4-9A34-2489B0A1C71C}.Release|Any CPU.Build.0 = Release|Any CPU
		{98CC3B9E-1823-952F-1C6C-DBBB83B6B8DC}.Debug|Any CPU.ActiveCfg = Debug|Any CPU
		{98CC3B9E-1823-952F-1C6C-DBBB83B6B8DC}.Debug|Any CPU.Build.0 = Debug|Any CPU
		{98CC3B9E-1823-952F-1C6C-DBBB83B6B8DC}.Release|Any CPU.ActiveCfg = Release|Any CPU
		{98CC3B9E-1823-952F-1C6C-DBBB83B6B8DC}.Release|Any CPU.Build.0 = Release|Any CPU
		{1ACEFFC1-F412-06A9-66D3-AE1EA03A0FF8}.Debug|Any CPU.ActiveCfg = Debug|Any CPU
		{1ACEFFC1-F412-06A9-66D3-AE1EA03A0FF8}.Debug|Any CPU.Build.0 = Debug|Any CPU
		{1ACEFFC1-F412-06A9-66D3-AE1EA03A0FF8}.Release|Any CPU.ActiveCfg = Release|Any CPU
		{1ACEFFC1-F412-06A9-66D3-AE1EA03A0FF8}.Release|Any CPU.Build.0 = Release|Any CPU
		{3BAC18AA-BDE5-FC5E-A390-12E2C743DAD0}.Debug|Any CPU.ActiveCfg = Debug|Any CPU
		{3BAC18AA-BDE5-FC5E-A390-12E2C743DAD0}.Debug|Any CPU.Build.0 = Debug|Any CPU
		{3BAC18AA-BDE5-FC5E-A390-12E2C743DAD0}.Release|Any CPU.ActiveCfg = Release|Any CPU
		{3BAC18AA-BDE5-FC5E-A390-12E2C743DAD0}.Release|Any CPU.Build.0 = Release|Any CPU
		{53AF8401-4980-0617-9D62-5BC5EA6363D8}.Debug|Any CPU.ActiveCfg = Debug|Any CPU
		{53AF8401-4980-0617-9D62-5BC5EA6363D8}.Debug|Any CPU.Build.0 = Debug|Any CPU
		{53AF8401-4980-0617-9D62-5BC5EA6363D8}.Release|Any CPU.ActiveCfg = Release|Any CPU
		{53AF8401-4980-0617-9D62-5BC5EA6363D8}.Release|Any CPU.Build.0 = Release|Any CPU
		{1C17F81D-8ACF-4D7E-2BD5-4A17B236CA75}.Debug|Any CPU.ActiveCfg = Debug|Any CPU
		{1C17F81D-8ACF-4D7E-2BD5-4A17B236CA75}.Debug|Any CPU.Build.0 = Debug|Any CPU
		{1C17F81D-8ACF-4D7E-2BD5-4A17B236CA75}.Release|Any CPU.ActiveCfg = Release|Any CPU
		{1C17F81D-8ACF-4D7E-2BD5-4A17B236CA75}.Release|Any CPU.Build.0 = Release|Any CPU
		{55850C7B-A8FA-CCF6-887B-898279C440DA}.Debug|Any CPU.ActiveCfg = Debug|Any CPU
		{55850C7B-A8FA-CCF6-887B-898279C440DA}.Debug|Any CPU.Build.0 = Debug|Any CPU
		{55850C7B-A8FA-CCF6-887B-898279C440DA}.Release|Any CPU.ActiveCfg = Release|Any CPU
		{55850C7B-A8FA-CCF6-887B-898279C440DA}.Release|Any CPU.Build.0 = Release|Any CPU
		{6BC852F3-CBE1-4995-8E8B-9DB7AEBBA7BC}.Debug|Any CPU.ActiveCfg = Debug|Any CPU
		{6BC852F3-CBE1-4995-8E8B-9DB7AEBBA7BC}.Debug|Any CPU.Build.0 = Debug|Any CPU
		{6BC852F3-CBE1-4995-8E8B-9DB7AEBBA7BC}.Release|Any CPU.ActiveCfg = Release|Any CPU
		{6BC852F3-CBE1-4995-8E8B-9DB7AEBBA7BC}.Release|Any CPU.Build.0 = Release|Any CPU
		{CFCB5E8E-0D85-7DE7-BB40-B36DCDF6A182}.Debug|Any CPU.ActiveCfg = Debug|Any CPU
		{CFCB5E8E-0D85-7DE7-BB40-B36DCDF6A182}.Debug|Any CPU.Build.0 = Debug|Any CPU
		{CFCB5E8E-0D85-7DE7-BB40-B36DCDF6A182}.Release|Any CPU.ActiveCfg = Release|Any CPU
		{CFCB5E8E-0D85-7DE7-BB40-B36DCDF6A182}.Release|Any CPU.Build.0 = Release|Any CPU
		{18B0802F-0A99-CAB2-2702-8A6736637618}.Debug|Any CPU.ActiveCfg = Debug|Any CPU
		{18B0802F-0A99-CAB2-2702-8A6736637618}.Debug|Any CPU.Build.0 = Debug|Any CPU
		{18B0802F-0A99-CAB2-2702-8A6736637618}.Release|Any CPU.ActiveCfg = Release|Any CPU
		{18B0802F-0A99-CAB2-2702-8A6736637618}.Release|Any CPU.Build.0 = Release|Any CPU
		{44C6AC6B-C284-594B-0407-9FEF429FDD2D}.Debug|Any CPU.ActiveCfg = Debug|Any CPU
		{44C6AC6B-C284-594B-0407-9FEF429FDD2D}.Debug|Any CPU.Build.0 = Debug|Any CPU
		{44C6AC6B-C284-594B-0407-9FEF429FDD2D}.Release|Any CPU.ActiveCfg = Release|Any CPU
		{44C6AC6B-C284-594B-0407-9FEF429FDD2D}.Release|Any CPU.Build.0 = Release|Any CPU
		{FC1C46E7-F353-6FBB-0D2B-90F120BBC9F0}.Debug|Any CPU.ActiveCfg = Debug|Any CPU
		{FC1C46E7-F353-6FBB-0D2B-90F120BBC9F0}.Debug|Any CPU.Build.0 = Debug|Any CPU
		{FC1C46E7-F353-6FBB-0D2B-90F120BBC9F0}.Release|Any CPU.ActiveCfg = Release|Any CPU
		{FC1C46E7-F353-6FBB-0D2B-90F120BBC9F0}.Release|Any CPU.Build.0 = Release|Any CPU
		{84B992C8-6F44-0451-375F-1FF2BD61C06C}.Debug|Any CPU.ActiveCfg = Debug|Any CPU
		{84B992C8-6F44-0451-375F-1FF2BD61C06C}.Debug|Any CPU.Build.0 = Debug|Any CPU
		{84B992C8-6F44-0451-375F-1FF2BD61C06C}.Release|Any CPU.ActiveCfg = Release|Any CPU
		{84B992C8-6F44-0451-375F-1FF2BD61C06C}.Release|Any CPU.Build.0 = Release|Any CPU
		{DA06BB36-5D75-0062-B353-540DC8AE3EFD}.Debug|Any CPU.ActiveCfg = Debug|Any CPU
		{DA06BB36-5D75-0062-B353-540DC8AE3EFD}.Debug|Any CPU.Build.0 = Debug|Any CPU
		{DA06BB36-5D75-0062-B353-540DC8AE3EFD}.Release|Any CPU.ActiveCfg = Release|Any CPU
		{DA06BB36-5D75-0062-B353-540DC8AE3EFD}.Release|Any CPU.Build.0 = Release|Any CPU
		{6C7B3CFB-967F-8FE4-862D-567206FFC126}.Debug|Any CPU.ActiveCfg = Debug|Any CPU
		{6C7B3CFB-967F-8FE4-862D-567206FFC126}.Debug|Any CPU.Build.0 = Debug|Any CPU
		{6C7B3CFB-967F-8FE4-862D-567206FFC126}.Release|Any CPU.ActiveCfg = Release|Any CPU
		{6C7B3CFB-967F-8FE4-862D-567206FFC126}.Release|Any CPU.Build.0 = Release|Any CPU
		{244ACECE-BD49-1F06-19C1-2429497922C7}.Debug|Any CPU.ActiveCfg = Debug|Any CPU
		{244ACECE-BD49-1F06-19C1-2429497922C7}.Debug|Any CPU.Build.0 = Debug|Any CPU
		{244ACECE-BD49-1F06-19C1-2429497922C7}.Release|Any CPU.ActiveCfg = Release|Any CPU
		{244ACECE-BD49-1F06-19C1-2429497922C7}.Release|Any CPU.Build.0 = Release|Any CPU
		{2946E2BC-0BA5-5396-323E-A493670E5315}.Debug|Any CPU.ActiveCfg = Debug|Any CPU
		{2946E2BC-0BA5-5396-323E-A493670E5315}.Debug|Any CPU.Build.0 = Debug|Any CPU
		{2946E2BC-0BA5-5396-323E-A493670E5315}.Release|Any CPU.ActiveCfg = Release|Any CPU
		{2946E2BC-0BA5-5396-323E-A493670E5315}.Release|Any CPU.Build.0 = Release|Any CPU
	EndGlobalSection
	GlobalSection(SolutionProperties) = preSolution
		HideSolutionNode = FALSE
	EndGlobalSection
EndGlobal
